[[package]]
category = "main"
description = "The AWS SDK for Python"
name = "boto3"
optional = false
python-versions = "*"
version = "1.10.32"

[package.dependencies]
botocore = ">=1.13.32,<1.14.0"
jmespath = ">=0.7.1,<1.0.0"
s3transfer = ">=0.2.0,<0.3.0"

[[package]]
category = "main"
description = "Low-level, data-driven core of boto 3."
name = "botocore"
optional = false
python-versions = "*"
version = "1.13.32"

[package.dependencies]
docutils = ">=0.10,<0.16"
jmespath = ">=0.7.1,<1.0.0"

[package.dependencies.python-dateutil]
python = ">=2.7"
version = ">=2.1,<2.8.1"

[package.dependencies.urllib3]
python = ">=2.7,<2.8"
version = ">=1.20,<1.26"

[[package]]
category = "main"
description = "Python package for providing Mozilla's CA Bundle."
name = "certifi"
optional = false
python-versions = "*"
version = "2019.11.28"

[[package]]
category = "main"
description = "Universal encoding detector for Python 2 and 3"
name = "chardet"
optional = false
python-versions = "*"
version = "3.0.4"

[[package]]
category = "main"
description = "Docutils -- Python Documentation Utilities"
name = "docutils"
optional = false
python-versions = ">=2.6, !=3.0.*, !=3.1.*, !=3.2.*"
version = "0.15.2"

[[package]]
category = "main"
description = "Backport of the concurrent.futures package from Python 3"
marker = "python_version == \"2.6\" or python_version == \"2.7\""
name = "futures"
optional = false
python-versions = ">=2.6, <3"
version = "3.3.0"

[[package]]
category = "main"
description = "Internationalized Domain Names in Applications (IDNA)"
name = "idna"
optional = false
python-versions = "*"
version = "2.7"

[[package]]
category = "main"
description = "JSON Matching Expressions"
name = "jmespath"
optional = false
python-versions = "*"
version = "0.9.4"

[[package]]
category = "main"
description = "NumPy is the fundamental package for array computing with Python."
name = "numpy"
optional = false
python-versions = ">=2.7,!=3.0.*,!=3.1.*,!=3.2.*,!=3.3.*"
version = "1.16.5"

[[package]]
category = "main"
description = "Protocol Buffers"
name = "protobuf"
optional = false
python-versions = "*"
version = "3.11.1"

[package.dependencies]
setuptools = "*"
six = ">=1.9"

[[package]]
category = "main"
description = "Ben Hodgson: A teeny Python library for creating Python dicts from protocol buffers and the reverse. Useful as an intermediate step before serialisation (e.g. to JSON). Kapor: upgrade it to PB3 and PY3, rename it to protobuf3-to-dict"
name = "protobuf3-to-dict"
optional = false
python-versions = "*"
version = "0.1.5"

[package.dependencies]
protobuf = ">=2.3.0"
six = "*"

[[package]]
category = "main"
description = "Extensions to the standard Python datetime module"
marker = "python_version >= \"2.7\""
name = "python-dateutil"
optional = false
python-versions = ">=2.7, !=3.0.*, !=3.1.*, !=3.2.*"
version = "2.8.0"

[package.dependencies]
six = ">=1.5"

[[package]]
category = "main"
description = "Python HTTP for Humans."
name = "requests"
optional = false
python-versions = ">=2.7, !=3.0.*, !=3.1.*, !=3.2.*, !=3.3.*"
version = "2.20.1"

[package.dependencies]
certifi = ">=2017.4.17"
chardet = ">=3.0.2,<3.1.0"
idna = ">=2.5,<2.8"
urllib3 = ">=1.21.1,<1.25"

[package.extras]
security = ["pyOpenSSL (>=0.14)", "cryptography (>=1.3.4)", "idna (>=2.0.0)"]
socks = ["PySocks (>=1.5.6,<1.5.7 || >1.5.7)", "win-inet-pton"]

[[package]]
category = "main"
description = "An Amazon S3 Transfer Manager"
name = "s3transfer"
optional = false
python-versions = "*"
version = "0.2.1"

[package.dependencies]
botocore = ">=1.12.36,<2.0.0"

[package.dependencies.futures]
python = ">=2.6,<2.8"
version = ">=2.2.0,<4.0.0"

[[package]]
category = "main"
description = "Open source library for training and deploying models on Amazon SageMaker."
name = "sagemaker"
optional = false
python-versions = "*"
version = "1.45.0"

[package.dependencies]
boto3 = ">=1.10.32"
numpy = ">=1.9.0"
protobuf = ">=3.1"
protobuf3-to-dict = ">=0.1.5"
requests = ">=2.20.0,<2.21"
scipy = ">=0.19.0"
smdebug-rulesconfig = "0.1.2"

[package.extras]
all = ["pandas", "urllib3 (>=1.21,<1.25)", "docker-compose (>=1.23.0)", "PyYAML (>=3.10,<5)", "tensorflow (>=1.3.0)"]
analytics = ["pandas"]
local = ["urllib3 (>=1.21,<1.25)", "docker-compose (>=1.23.0)", "PyYAML (>=3.10,<5)"]
tensorflow = ["tensorflow (>=1.3.0)"]
test = ["pandas", "urllib3 (>=1.21,<1.25)", "docker-compose (>=1.23.0)", "PyYAML (>=3.10,<5)", "tensorflow (>=1.3.0)", "tox (3.13.1)", "flake8", "pytest (4.4.1)", "pytest-cov", "pytest-rerunfailures", "pytest-xdist", "mock", "contextlib2", "awslogs", "stopit (1.1.2)", "apache-airflow (1.10.5)", "fabric (>=2.0)", "black (19.3b0)"]

[[package]]
category = "main"
description = "SciPy: Scientific Library for Python"
name = "scipy"
optional = false
python-versions = ">=2.7,!=3.0.*,!=3.1.*,!=3.2.*,!=3.3.*"
version = "1.2.2"

[package.dependencies]
numpy = ">=1.8.2"

[[package]]
category = "main"
description = "Python 2 and 3 compatibility utilities"
name = "six"
optional = false
python-versions = ">=2.6, !=3.0.*, !=3.1.*"
version = "1.13.0"

[[package]]
category = "main"
description = "SMDebug RulesConfig"
name = "smdebug-rulesconfig"
optional = false
python-versions = ">=2.7"
version = "0.1.2"

[[package]]
category = "main"
description = "HTTP library with thread-safe connection pooling, file post, and more."
name = "urllib3"
optional = false
python-versions = "*"
version = "1.22"

[package.extras]
secure = ["pyOpenSSL (>=0.14)", "cryptography (>=1.3.4)", "idna (>=2.0.0)", "certifi", "ipaddress"]
socks = ["PySocks (>=1.5.6,<1.5.7 || >1.5.7,<2.0)"]

[metadata]
content-hash = "eada9d449cdc9247741c1d110b2cc7cf604b29974aeef1cbb4e2082be67f6ab8"
python-versions = "*"

[metadata.files]
boto3 = [
    {file = "boto3-1.10.32-py2.py3-none-any.whl", hash = "sha256:4cb17e406a1e18a5691e4f76c456e538ec04e46e5211158714d66a12fe824dad"},
    {file = "boto3-1.10.32.tar.gz", hash = "sha256:f5cdbd853736175db5b23cd2bbfde9abe30152e68b16efa59a0456014c446782"},
]
botocore = [
    {file = "botocore-1.13.32-py2.py3-none-any.whl", hash = "sha256:e6d108c8ce9349e5d5a56034d5606ce9e6b81557a94e73c0e4137c0ecd13d4d9"},
    {file = "botocore-1.13.32.tar.gz", hash = "sha256:9ed03c200578f5b4d498403ba4e8deaa5b6d52d5e055a96fb4e9fe2101a7ac43"},
]
certifi = [
    {file = "certifi-2019.11.28-py2.py3-none-any.whl", hash = "sha256:017c25db2a153ce562900032d5bc68e9f191e44e9a0f762f373977de9df1fbb3"},
    {file = "certifi-2019.11.28.tar.gz", hash = "sha256:25b64c7da4cd7479594d035c08c2d809eb4aab3a26e5a990ea98cc450c320f1f"},
]
chardet = [
    {file = "chardet-3.0.4-py2.py3-none-any.whl", hash = "sha256:fc323ffcaeaed0e0a02bf4d117757b98aed530d9ed4531e3e15460124c106691"},
    {file = "chardet-3.0.4.tar.gz", hash = "sha256:84ab92ed1c4d4f16916e05906b6b75a6c0fb5db821cc65e70cbd64a3e2a5eaae"},
]
docutils = [
    {file = "docutils-0.15.2-py2-none-any.whl", hash = "sha256:9e4d7ecfc600058e07ba661411a2b7de2fd0fafa17d1a7f7361cd47b1175c827"},
    {file = "docutils-0.15.2-py3-none-any.whl", hash = "sha256:6c4f696463b79f1fb8ba0c594b63840ebd41f059e92b31957c46b74a4599b6d0"},
    {file = "docutils-0.15.2.tar.gz", hash = "sha256:a2aeea129088da402665e92e0b25b04b073c04b2dce4ab65caaa38b7ce2e1a99"},
]
futures = [
    {file = "futures-3.3.0-py2-none-any.whl", hash = "sha256:49b3f5b064b6e3afc3316421a3f25f66c137ae88f068abbf72830170033c5e16"},
    {file = "futures-3.3.0.tar.gz", hash = "sha256:7e033af76a5e35f58e56da7a91e687706faf4e7bdfb2cbc3f2cca6b9bcda9794"},
]
idna = [
    {file = "idna-2.7-py2.py3-none-any.whl", hash = "sha256:156a6814fb5ac1fc6850fb002e0852d56c0c8d2531923a51032d1b70760e186e"},
    {file = "idna-2.7.tar.gz", hash = "sha256:684a38a6f903c1d71d6d5fac066b58d7768af4de2b832e426ec79c30daa94a16"},
]
jmespath = [
    {file = "jmespath-0.9.4-py2.py3-none-any.whl", hash = "sha256:3720a4b1bd659dd2eecad0666459b9788813e032b83e7ba58578e48254e0a0e6"},
    {file = "jmespath-0.9.4.tar.gz", hash = "sha256:bde2aef6f44302dfb30320115b17d030798de8c4110e28d5cf6cf91a7a31074c"},
]
numpy = [
    {file = "numpy-1.16.5-cp27-cp27m-macosx_10_9_x86_64.whl", hash = "sha256:37fdd3bb05caaaacac58015cfa38e38b006ee9cef1eaacdb70bb68c16ac7db1d"},
    {file = "numpy-1.16.5-cp27-cp27m-manylinux1_i686.whl", hash = "sha256:f42e21d8db16315bc30b437bff63d6b143befb067b8cd396fa3ef17f1c21e1a0"},
    {file = "numpy-1.16.5-cp27-cp27m-manylinux1_x86_64.whl", hash = "sha256:4208b225ae049641a7a99ab92e84ce9d642ded8250d2b6c9fd61a7fa8c072561"},
    {file = "numpy-1.16.5-cp27-cp27m-win32.whl", hash = "sha256:4d790e2a37aa3350667d8bb8acc919010c7e46234c3d615738564ddc6d22026f"},
    {file = "numpy-1.16.5-cp27-cp27m-win_amd64.whl", hash = "sha256:1594aec94e4896e0688f4f405481fda50fb70547000ae71f2e894299a088a661"},
    {file = "numpy-1.16.5-cp27-cp27mu-manylinux1_i686.whl", hash = "sha256:2c5a556272c67566e8f4607d1c78ad98e954fa6c32802002a4a0b029ad8dd759"},
    {file = "numpy-1.16.5-cp27-cp27mu-manylinux1_x86_64.whl", hash = "sha256:3a96e59f61c7a8f8838d0f4d19daeba551c5f07c5cdd5c81e8e9d4089ade0042"},
    {file = "numpy-1.16.5-cp35-cp35m-macosx_10_9_x86_64.whl", hash = "sha256:612297115bade249a118616c065597ff2e5e1f47ed220d7ba71f3e6c6ebcd814"},
    {file = "numpy-1.16.5-cp35-cp35m-manylinux1_i686.whl", hash = "sha256:dbc9e9a6a5e0c4f57498855d4e30ef8b599c0ce13fdf9d64299197508d67d9e8"},
    {file = "numpy-1.16.5-cp35-cp35m-manylinux1_x86_64.whl", hash = "sha256:fada0492dd35412cd96e0578677e9a4bdae8f102ef2b631301fcf19066b57119"},
    {file = "numpy-1.16.5-cp35-cp35m-win32.whl", hash = "sha256:ada1a1cd68b9874fa480bd287438f92bd7ce88ca0dd6e8d56c70f2b3dab97314"},
    {file = "numpy-1.16.5-cp35-cp35m-win_amd64.whl", hash = "sha256:27aa457590268cb059c47daa8c55f48c610ce81da8a062ec117f74efa9124ec9"},
    {file = "numpy-1.16.5-cp36-cp36m-macosx_10_9_x86_64.whl", hash = "sha256:03b28330253904d410c3c82d66329f29645eb54a7345cb7dd7a1529d61fa603f"},
    {file = "numpy-1.16.5-cp36-cp36m-manylinux1_i686.whl", hash = "sha256:911d91ffc6688db0454d69318584415f7dfb0fc1b8ac9b549234e39495684230"},
    {file = "numpy-1.16.5-cp36-cp36m-manylinux1_x86_64.whl", hash = "sha256:ceb353e3ae840ce76256935b18c17236ca808509f231f41d5173d7b2680d5e77"},
    {file = "numpy-1.16.5-cp36-cp36m-win32.whl", hash = "sha256:e6ce7c0051ed5443f8343da2a14580aa438822ae6526900332c4564f371d2aaf"},
    {file = "numpy-1.16.5-cp36-cp36m-win_amd64.whl", hash = "sha256:9a2b950bca9faca0145491ae9fd214c432f2b1e36783399bc2c3732e7bcc94f4"},
    {file = "numpy-1.16.5-cp37-cp37m-macosx_10_9_x86_64.whl", hash = "sha256:00836128feaf9a7c7fedeea05ad593e7965f523d23fe3ffbf20cfffd88e9f2b1"},
    {file = "numpy-1.16.5-cp37-cp37m-manylinux1_i686.whl", hash = "sha256:3d6a354bb1a1ce2cabd47e0bdcf25364322fb55a29efb59f76944d7ee546d8b6"},
    {file = "numpy-1.16.5-cp37-cp37m-manylinux1_x86_64.whl", hash = "sha256:f7fb27c0562206787011cf299c03f663c604b58a35a9c2b5218ba6485a17b145"},
    {file = "numpy-1.16.5-cp37-cp37m-win32.whl", hash = "sha256:46469e7fcb689036e72ce61c3d432ed35eb4c71b5119e894845b434b0fae5813"},
    {file = "numpy-1.16.5-cp37-cp37m-win_amd64.whl", hash = "sha256:fb207362394567343d84c0462ec3ba203a21c78be9a0fdbb94982e76859ec37e"},
    {file = "numpy-1.16.5.zip", hash = "sha256:8bb452d94e964b312205b0de1238dd7209da452343653ab214b5d681780e7a0c"},
]
protobuf = [
    {file = "protobuf-3.11.1-cp27-cp27m-macosx_10_9_intel.whl", hash = "sha256:34a7270940f86da7a28be466ac541c89b6dbf144a6348b9cf7ac6f56b71006ce"},
    {file = "protobuf-3.11.1-cp27-cp27mu-manylinux1_x86_64.whl", hash = "sha256:e028fee51c96de4e81924484c77111dfdea14010ecfc906ea5b252209b0c4de6"},
    {file = "protobuf-3.11.1-cp35-cp35m-macosx_10_9_intel.whl", hash = "sha256:29bd1ed46b2536ad8959401a2f02d2d7b5a309f8e97518e4f92ca6c5ba74dbed"},
    {file = "protobuf-3.11.1-cp35-cp35m-manylinux1_x86_64.whl", hash = "sha256:839bad7d115c77cdff29b488fae6a3ab503ce9a4192bd4c42302a6ea8e5d0f33"},
    {file = "protobuf-3.11.1-cp35-cp35m-win32.whl", hash = "sha256:c65d135ea2d85d40309e268106dab02d3bea723db2db21c23ecad4163ced210b"},
    {file = "protobuf-3.11.1-cp35-cp35m-win_amd64.whl", hash = "sha256:38cbc830a4a5ba9956763b0f37090bfd14dd74e72762be6225de2ceac55f4d03"},
    {file = "protobuf-3.11.1-cp36-cp36m-macosx_10_9_intel.whl", hash = "sha256:c98dea04a1ff41a70aff2489610f280004831798cb36a068013eed04c698903d"},
    {file = "protobuf-3.11.1-cp36-cp36m-manylinux1_x86_64.whl", hash = "sha256:0265379852b9e1f76af6d3d3fe4b3c383a595cc937594bda8565cf69a96baabd"},
    {file = "protobuf-3.11.1-cp36-cp36m-win32.whl", hash = "sha256:934a9869a7f3b0d84eca460e386fba1f7ba2a0c1a120a2648bc41fadf50efd1c"},
    {file = "protobuf-3.11.1-cp36-cp36m-win_amd64.whl", hash = "sha256:3175d45698edb9a07c1a78a1a4850e674ce8988f20596580158b1d0921d0f057"},
    {file = "protobuf-3.11.1-cp37-cp37m-macosx_10_9_intel.whl", hash = "sha256:d9049aa194378a426f0b2c784e2054565bf6f754d20fcafdee7102a6250556e8"},
    {file = "protobuf-3.11.1-cp37-cp37m-manylinux1_x86_64.whl", hash = "sha256:e88a924b591b06d0191620e9c8aa75297b3111066bb09d49a24bae1054a10c13"},
    {file = "protobuf-3.11.1-cp37-cp37m-win32.whl", hash = "sha256:c4e90bc27c0691c76e09b5dc506133451e52caee1472b8b3c741b7c912ce43ef"},
    {file = "protobuf-3.11.1-cp37-cp37m-win_amd64.whl", hash = "sha256:e84ad26fb50091b1ea676403c0dd2bd47663099454aa6d88000b1dafecab0941"},
    {file = "protobuf-3.11.1-py2.7.egg", hash = "sha256:200b77e51f17fbc1d3049045f5835f60405dec3a00fe876b9b986592e46d908c"},
    {file = "protobuf-3.11.1-py2.py3-none-any.whl", hash = "sha256:665194f5ad386511ac8d8a0bd57b9ab37b8dd2cd71969458777318e774b9cd46"},
    {file = "protobuf-3.11.1.tar.gz", hash = "sha256:aecdf12ef6dc7fd91713a6da93a86c2f2a8fe54840a3b1670853a2b7402e77c9"},
]
protobuf3-to-dict = [
    {file = "protobuf3-to-dict-0.1.5.tar.gz", hash = "sha256:1e42c25b5afb5868e3a9b1962811077e492c17557f9c66f0fe40d821375d2b5a"},
]
python-dateutil = [
    {file = "python-dateutil-2.8.0.tar.gz", hash = "sha256:c89805f6f4d64db21ed966fda138f8a5ed7a4fdbc1a8ee329ce1b74e3c74da9e"},
    {file = "python_dateutil-2.8.0-py2.py3-none-any.whl", hash = "sha256:7e6584c74aeed623791615e26efd690f29817a27c73085b78e4bad02493df2fb"},
]
requests = [
    {file = "requests-2.20.1-py2.py3-none-any.whl", hash = "sha256:65b3a120e4329e33c9889db89c80976c5272f56ea92d3e74da8a463992e3ff54"},
    {file = "requests-2.20.1.tar.gz", hash = "sha256:ea881206e59f41dbd0bd445437d792e43906703fff75ca8ff43ccdb11f33f263"},
]
s3transfer = [
    {file = "s3transfer-0.2.1-py2.py3-none-any.whl", hash = "sha256:b780f2411b824cb541dbcd2c713d0cb61c7d1bcadae204cdddda2b35cef493ba"},
    {file = "s3transfer-0.2.1.tar.gz", hash = "sha256:6efc926738a3cd576c2a79725fed9afde92378aa5c6a957e3af010cb019fac9d"},
]
sagemaker = [
    {file = "sagemaker-1.45.0.tar.gz", hash = "sha256:3656ac5cadf7f1b1255cbe876eebb2078b53e80aaf5a195fa16b13e2e29feb53"},
]
scipy = [
    {file = "scipy-1.2.2-cp27-cp27m-macosx_10_6_intel.macosx_10_9_intel.macosx_10_9_x86_64.macosx_10_10_intel.macosx_10_10_x86_64.whl", hash = "sha256:271c6e56c8f9a3d6c3f0bc857d7a6e7cf7a8415c879a3915701cd011e82a83a3"},
    {file = "scipy-1.2.2-cp27-cp27m-manylinux1_i686.whl", hash = "sha256:2eb255b30dac7516c6f3c5237f2e0ad1f1213b5364de409d932249c9a8c5bffb"},
    {file = "scipy-1.2.2-cp27-cp27m-manylinux1_x86_64.whl", hash = "sha256:7f58faa422aa493d7b70dd56d6e8783223e84dd6e7f4b4161bd776b39ecbac92"},
    {file = "scipy-1.2.2-cp27-cp27m-win32.whl", hash = "sha256:d0d41a9ee3264f95820138170b447f5d3e453e5ebd10b411bca37c99237aac69"},
    {file = "scipy-1.2.2-cp27-cp27m-win_amd64.whl", hash = "sha256:b074a83299a82eae617dc46a830cfa7aaa588d07523990507848ee1ded3c52ce"},
    {file = "scipy-1.2.2-cp27-cp27mu-manylinux1_i686.whl", hash = "sha256:49dcebc6f57bce0bd23cb55dbc6144f4990e5cbce9aab3128af03d6b1b4eab6a"},
    {file = "scipy-1.2.2-cp27-cp27mu-manylinux1_x86_64.whl", hash = "sha256:67d2210c7f6f585e1055bee3dc9f15610b5ebb04e80bfaa757868937ee744fec"},
    {file = "scipy-1.2.2-cp34-cp34m-macosx_10_6_intel.macosx_10_9_intel.macosx_10_9_x86_64.macosx_10_10_intel.macosx_10_10_x86_64.whl", hash = "sha256:0bcababa06ff83138a7f30a68f334dee034ce1cc7604f9278b96f62265fe7fd7"},
    {file = "scipy-1.2.2-cp34-cp34m-manylinux1_i686.whl", hash = "sha256:a9fc1fcaa560edf771d4545d7e6dd865a213fc5b485bb127de5dfd32f40094e1"},
    {file = "scipy-1.2.2-cp34-cp34m-manylinux1_x86_64.whl", hash = "sha256:7fb4efff9895116428ad65564d2232fb1cac4b9d84398512a858b09dd4a7fd59"},
    {file = "scipy-1.2.2-cp34-cp34m-win32.whl", hash = "sha256:fbdff021643c2dfa35efd29218e0318c4b4987f48ea432be7e8c02bdb1b0c314"},
    {file = "scipy-1.2.2-cp34-cp34m-win_amd64.whl", hash = "sha256:f4e355afa8fdda11010de308c2376edda29e064cec699974097364115f71e16f"},
    {file = "scipy-1.2.2-cp35-cp35m-macosx_10_6_intel.macosx_10_9_intel.macosx_10_9_x86_64.macosx_10_10_intel.macosx_10_10_x86_64.whl", hash = "sha256:e99cd49daffe7384fd35046c3b14bee98ce87d97c95865469227001905534e13"},
    {file = "scipy-1.2.2-cp35-cp35m-manylinux1_i686.whl", hash = "sha256:447c40d33ec5e0020750fadbb8599220b9eb9fd8798030efe9b308247800f364"},
    {file = "scipy-1.2.2-cp35-cp35m-manylinux1_x86_64.whl", hash = "sha256:9a21d64d002cb3a9239a55c0aa100b48d58b5e38382c0fdfcdfc68cf417d8142"},
    {file = "scipy-1.2.2-cp35-cp35m-win32.whl", hash = "sha256:5fa84b467b5f77c243c5701628ed7a4238e53bc4120db87be7dafa416e842fb9"},
    {file = "scipy-1.2.2-cp35-cp35m-win_amd64.whl", hash = "sha256:682b210ff7a65f6f5245fdf73d26a348b57e42d2059bc5fcf7ed25d063f35c45"},
    {file = "scipy-1.2.2-cp36-cp36m-macosx_10_6_intel.macosx_10_9_intel.macosx_10_9_x86_64.macosx_10_10_intel.macosx_10_10_x86_64.whl", hash = "sha256:bcd0d4b2de5cb3fab69007214a39737e917267f56f887ce9c7732ba3278fc33d"},
    {file = "scipy-1.2.2-cp36-cp36m-manylinux1_i686.whl", hash = "sha256:4686d699f76068757a81269f1a111c0db689bf048a56b131a339803121534fa8"},
    {file = "scipy-1.2.2-cp36-cp36m-manylinux1_x86_64.whl", hash = "sha256:97f26b4b5d4456f44849fd35cad8801f7cae4e64b75fc4e522d26a54aef17391"},
    {file = "scipy-1.2.2-cp36-cp36m-win32.whl", hash = "sha256:922e2370674c82dd1367fc13a08c8765f4e5281a584d871e7cb454828d84600f"},
    {file = "scipy-1.2.2-cp36-cp36m-win_amd64.whl", hash = "sha256:c390f1721757ec983616149f00e1bd0432aa32d2c1d9398930d7e7cc9542c922"},
    {file = "scipy-1.2.2-cp37-cp37m-macosx_10_6_intel.macosx_10_9_intel.macosx_10_9_x86_64.macosx_10_10_intel.macosx_10_10_x86_64.whl", hash = "sha256:47d4623efa71948dc4a92f978fbf6b9fb69dac5b0f0fae4c1a1f3d955ac8aea9"},
    {file = "scipy-1.2.2-cp37-cp37m-manylinux1_i686.whl", hash = "sha256:162b803984ebb76927990d7233cab825d146be8e2a3f6a0efb1b3a61ebacae73"},
    {file = "scipy-1.2.2-cp37-cp37m-manylinux1_x86_64.whl", hash = "sha256:d18d1575d4a54f128c0f34422bd73ce0f177e462d6124f074388e211d8dc2616"},
    {file = "scipy-1.2.2-cp37-cp37m-win32.whl", hash = "sha256:c5b9db9e3f6537bf7b308de12c185b27f22fb9a66fd12efc7aefbcfa0adb4d82"},
    {file = "scipy-1.2.2-cp37-cp37m-win_amd64.whl", hash = "sha256:f64e29a8b32d672fb6078f456bfff3cae8f36b6c8b64c337ad0942f29404b03f"},
    {file = "scipy-1.2.2.tar.gz", hash = "sha256:a4331e0b8dab1ff75d2c67b5158a8bb9a83c799d7140094dda936d876c7cfbb1"},
]
six = [
    {file = "six-1.13.0-py2.py3-none-any.whl", hash = "sha256:1f1b7d42e254082a9db6279deae68afb421ceba6158efa6131de7b3003ee93fd"},
    {file = "six-1.13.0.tar.gz", hash = "sha256:30f610279e8b2578cab6db20741130331735c781b56053c59c4076da27f06b66"},
]
smdebug-rulesconfig = [
    {file = "smdebug_rulesconfig-0.1.2-py2.py3-none-any.whl", hash = "sha256:1858a7ff9ddcda76e740bcba4557fc8eb89bb5eeb03395a472b4304e79b9479e"},
]
urllib3 = [
    {file = "urllib3-1.22-py2.py3-none-any.whl", hash = "sha256:06330f386d6e4b195fbfc736b297f58c5a892e4440e54d294d7004e3a9bbea1b"},
    {file = "urllib3-1.22.tar.gz", hash = "sha256:cc44da8e1145637334317feebd728bd869a35285b93cbb4cca2577da7e62db4f"},
]
